
Microsoft Visual Studio Solution File, Format Version 12.00
Project("{FAE04EC0-301F-11D3-BF4B-00C04F79EFBC}") = "SnippetsApi", "SnippetsApi\SnippetsApi.csproj", "{3AEA91EF-FEE8-49C9-9DF1-AF573DC17575}"
EndProject
Project("{FAE04EC0-301F-11D3-BF4B-00C04F79EFBC}") = "Contracts", "Contracts\Contracts.csproj", "{EA694408-C729-4D52-81C3-AAEFAF08CE56}"
EndProject
Project("{FAE04EC0-301F-11D3-BF4B-00C04F79EFBC}") = "Infrastructure", "Infrastructure\Infrastructure.csproj", "{15DAB14B-8879-4B94-A9ED-C62642107F96}"
EndProject
Global
	GlobalSection(SolutionConfigurationPlatforms) = preSolution
		Debug|Any CPU = Debug|Any CPU
		Release|Any CPU = Release|Any CPU
	EndGlobalSection
	GlobalSection(ProjectConfigurationPlatforms) = postSolution
		{3AEA91EF-FEE8-49C9-9DF1-AF573DC17575}.Debug|Any CPU.ActiveCfg = Debug|Any CPU
		{3AEA91EF-FEE8-49C9-9DF1-AF573DC17575}.Debug|Any CPU.Build.0 = Debug|Any CPU
		{3AEA91EF-FEE8-49C9-9DF1-AF573DC17575}.Release|Any CPU.ActiveCfg = Release|Any CPU
		{3AEA91EF-FEE8-49C9-9DF1-AF573DC17575}.Release|Any CPU.Build.0 = Release|Any CPU
		{EA694408-C729-4D52-81C3-AAEFAF08CE56}.Debug|Any CPU.ActiveCfg = Debug|Any CPU
		{EA694408-C729-4D52-81C3-AAEFAF08CE56}.Debug|Any CPU.Build.0 = Debug|Any CPU
		{EA694408-C729-4D52-81C3-AAEFAF08CE56}.Release|Any CPU.ActiveCfg = Release|Any CPU
		{EA694408-C729-4D52-81C3-AAEFAF08CE56}.Release|Any CPU.Build.0 = Release|Any CPU
		{15DAB14B-8879-4B94-A9ED-C62642107F96}.Debug|Any CPU.ActiveCfg = Debug|Any CPU
		{15DAB14B-8879-4B94-A9ED-C62642107F96}.Debug|Any CPU.Build.0 = Debug|Any CPU
		{15DAB14B-8879-4B94-A9ED-C62642107F96}.Release|Any CPU.ActiveCfg = Release|Any CPU
		{15DAB14B-8879-4B94-A9ED-C62642107F96}.Release|Any CPU.Build.0 = Release|Any CPU
	EndGlobalSection
EndGlobal
